
Microsoft Visual Studio Solution File, Format Version 12.00
# Visual Studio Version 17
VisualStudioVersion = 17.14.36221.1
MinimumVisualStudioVersion = 10.0.40219.1
Project("{FAE04EC0-301F-11D3-BF4B-00C04F79EFBC}") = "Project_Hospital", "Proje_Hastane\Project_Hospital.csproj", "{E3AB9292-1179-4FAA-8948-CDFFA43D98DA}"
EndProject
Global
	GlobalSection(SolutionConfigurationPlatforms) = preSolution
		Debug|Any CPU = Debug|Any CPU
		Release|Any CPU = Release|Any CPU
	EndGlobalSection
	GlobalSection(ProjectConfigurationPlatforms) = postSolution
		{E3AB9292-1179-4FAA-8948-CDFFA43D98DA}.Debug|Any CPU.ActiveCfg = Debug|Any CPU
		{E3AB9292-1179-4FAA-8948-CDFFA43D98DA}.Debug|Any CPU.Build.0 = Debug|Any CPU
		{E3AB9292-1179-4FAA-8948-CDFFA43D98DA}.Release|Any CPU.ActiveCfg = Release|Any CPU
		{E3AB9292-1179-4FAA-8948-CDFFA43D98DA}.Release|Any CPU.Build.0 = Release|Any CPU
	EndGlobalSection
	GlobalSection(SolutionProperties) = preSolution
		HideSolutionNode = FALSE
	EndGlobalSection
	GlobalSection(ExtensibilityGlobals) = postSolution
		SolutionGuid = {74DC45D4-7591-4AB7-B66D-5F6795F775A3}
	EndGlobalSection
EndGlobal
